// !$*UTF8*$!
{
	archiveVersion = 1;
	classes = {
	};
	objectVersion = 55;
	objects = {

/* Begin PBXBuildFile section */
		96B4807928607F6000A18C1B /* EmojiArtApp.swift in Sources */ = {isa = PBXBuildFile; fileRef = 96B4807828607F6000A18C1B /* EmojiArtApp.swift */; };
		96B4807B28607F6000A18C1B /* ContentView.swift in Sources */ = {isa = PBXBuildFile; fileRef = 96B4807A28607F6000A18C1B /* ContentView.swift */; };
		96B4807D28607F6200A18C1B /* Assets.xcassets in Resources */ = {isa = PBXBuildFile; fileRef = 96B4807C28607F6200A18C1B /* Assets.xcassets */; };
		96B4808028607F6200A18C1B /* Preview Assets.xcassets in Resources */ = {isa = PBXBuildFile; fileRef = 96B4807F28607F6200A18C1B /* Preview Assets.xcassets */; };
		96B4808A28607F6200A18C1B /* EmojiArtTests.swift in Sources */ = {isa = PBXBuildFile; fileRef = 96B4808928607F6200A18C1B /* EmojiArtTests.swift */; };
		96B4809428607F6200A18C1B /* EmojiArtUITests.swift in Sources */ = {isa = PBXBuildFile; fileRef = 96B4809328607F6200A18C1B /* EmojiArtUITests.swift */; };
		96B4809628607F6200A18C1B /* EmojiArtUITestsLaunchTests.swift in Sources */ = {isa = PBXBuildFile; fileRef = 96B4809528607F6200A18C1B /* EmojiArtUITestsLaunchTests.swift */; };
		96B480A62860879D00A18C1B /* EmojiArtModel.Background.swift in Sources */ = {isa = PBXBuildFile; fileRef = 96B480A42860878F00A18C1B /* EmojiArtModel.Background.swift */; };
		96B480A7286087AD00A18C1B /* EmojiArtModel.swift in Sources */ = {isa = PBXBuildFile; fileRef = 96B480A22860818F00A18C1B /* EmojiArtModel.swift */; };
/* End PBXBuildFile section */

/* Begin PBXContainerItemProxy section */
		96B4808628607F6200A18C1B /* PBXContainerItemProxy */ = {
			isa = PBXContainerItemProxy;
			containerPortal = 96B4806D28607F6000A18C1B /* Project object */;
			proxyType = 1;
			remoteGlobalIDString = 96B4807428607F6000A18C1B;
			remoteInfo = EmojiArt;
		};
		96B4809028607F6200A18C1B /* PBXContainerItemProxy */ = {
			isa = PBXContainerItemProxy;
			containerPortal = 96B4806D28607F6000A18C1B /* Project object */;
			proxyType = 1;
			remoteGlobalIDString = 96B4807428607F6000A18C1B;
			remoteInfo = EmojiArt;
		};
/* End PBXContainerItemProxy section */

/* Begin PBXFileReference section */
		96B4807528607F6000A18C1B /* EmojiArt.app */ = {isa = PBXFileReference; explicitFileType = wrapper.application; includeInIndex = 0; path = EmojiArt.app; sourceTree = BUILT_PRODUCTS_DIR; };
		96B4807828607F6000A18C1B /* EmojiArtApp.swift */ = {isa = PBXFileReference; lastKnownFileType = sourcecode.swift; path = EmojiArtApp.swift; sourceTree = "<group>"; };
		96B4807A28607F6000A18C1B /* ContentView.swift */ = {isa = PBXFileReference; lastKnownFileType = sourcecode.swift; path = ContentView.swift; sourceTree = "<group>"; };
		96B4807C28607F6200A18C1B /* Assets.xcassets */ = {isa = PBXFileReference; lastKnownFileType = folder.assetcatalog; path = Assets.xcassets; sourceTree = "<group>"; };
		96B4807F28607F6200A18C1B /* Preview Assets.xcassets */ = {isa = PBXFileReference; lastKnownFileType = folder.assetcatalog; path = "Preview Assets.xcassets"; sourceTree = "<group>"; };
		96B4808528607F6200A18C1B /* EmojiArtTests.xctest */ = {isa = PBXFileReference; explicitFileType = wrapper.cfbundle; includeInIndex = 0; path = EmojiArtTests.xctest; sourceTree = BUILT_PRODUCTS_DIR; };
		96B4808928607F6200A18C1B /* EmojiArtTests.swift */ = {isa = PBXFileReference; lastKnownFileType = sourcecode.swift; path = EmojiArtTests.swift; sourceTree = "<group>"; };
		96B4808F28607F6200A18C1B /* EmojiArtUITests.xctest */ = {isa = PBXFileReference; explicitFileType = wrapper.cfbundle; includeInIndex = 0; path = EmojiArtUITests.xctest; sourceTree = BUILT_PRODUCTS_DIR; };
		96B4809328607F6200A18C1B /* EmojiArtUITests.swift */ = {isa = PBXFileReference; lastKnownFileType = sourcecode.swift; path = EmojiArtUITests.swift; sourceTree = "<group>"; };
		96B4809528607F6200A18C1B /* EmojiArtUITestsLaunchTests.swift */ = {isa = PBXFileReference; lastKnownFileType = sourcecode.swift; path = EmojiArtUITestsLaunchTests.swift; sourceTree = "<group>"; };
		96B480A22860818F00A18C1B /* EmojiArtModel.swift */ = {isa = PBXFileReference; lastKnownFileType = sourcecode.swift; path = EmojiArtModel.swift; sourceTree = "<group>"; };
		96B480A42860878F00A18C1B /* EmojiArtModel.Background.swift */ = {isa = PBXFileReference; lastKnownFileType = sourcecode.swift; path = EmojiArtModel.Background.swift; sourceTree = "<group>"; };
/* End PBXFileReference section */

/* Begin PBXFrameworksBuildPhase section */
		96B4807228607F6000A18C1B /* Frameworks */ = {
			isa = PBXFrameworksBuildPhase;
			buildActionMask = 2147483647;
			files = (
			);
			runOnlyForDeploymentPostprocessing = 0;
		};
		96B4808228607F6200A18C1B /* Frameworks */ = {
			isa = PBXFrameworksBuildPhase;
			buildActionMask = 2147483647;
			files = (
			);
			runOnlyForDeploymentPostprocessing = 0;
		};
		96B4808C28607F6200A18C1B /* Frameworks */ = {
			isa = PBXFrameworksBuildPhase;
			buildActionMask = 2147483647;
			files = (
			);
			runOnlyForDeploymentPostprocessing = 0;
		};
/* End PBXFrameworksBuildPhase section */

/* Begin PBXGroup section */
		96B4806C28607F6000A18C1B = {
			isa = PBXGroup;
			children = (
				96B4807728607F6000A18C1B /* EmojiArt */,
				96B4808828607F6200A18C1B /* EmojiArtTests */,
				96B4809228607F6200A18C1B /* EmojiArtUITests */,
				96B4807628607F6000A18C1B /* Products */,
			);
			sourceTree = "<group>";
		};
		96B4807628607F6000A18C1B /* Products */ = {
			isa = PBXGroup;
			children = (
				96B4807528607F6000A18C1B /* EmojiArt.app */,
				96B4808528607F6200A18C1B /* EmojiArtTests.xctest */,
				96B4808F28607F6200A18C1B /* EmojiArtUITests.xctest */,
			);
			name = Products;
			sourceTree = "<group>";
		};
		96B4807728607F6000A18C1B /* EmojiArt */ = {
			isa = PBXGroup;
			children = (
				96B4807828607F6000A18C1B /* EmojiArtApp.swift */,
				96B4807A28607F6000A18C1B /* ContentView.swift */,
				96B480A22860818F00A18C1B /* EmojiArtModel.swift */,
				96B480A42860878F00A18C1B /* EmojiArtModel.Background.swift */,
				96B4807C28607F6200A18C1B /* Assets.xcassets */,
				96B4807E28607F6200A18C1B /* Preview Content */,
			);
			path = EmojiArt;
			sourceTree = "<group>";
		};
		96B4807E28607F6200A18C1B /* Preview Content */ = {
			isa = PBXGroup;
			children = (
				96B4807F28607F6200A18C1B /* Preview Assets.xcassets */,
			);
			path = "Preview Content";
			sourceTree = "<group>";
		};
		96B4808828607F6200A18C1B /* EmojiArtTests */ = {
			isa = PBXGroup;
			children = (
				96B4808928607F6200A18C1B /* EmojiArtTests.swift */,
			);
			path = EmojiArtTests;
			sourceTree = "<group>";
		};
		96B4809228607F6200A18C1B /* EmojiArtUITests */ = {
			isa = PBXGroup;
			children = (
				96B4809328607F6200A18C1B /* EmojiArtUITests.swift */,
				96B4809528607F6200A18C1B /* EmojiArtUITestsLaunchTests.swift */,
			);
			path = EmojiArtUITests;
			sourceTree = "<group>";
		};
/* End PBXGroup section */

/* Begin PBXNativeTarget section */
		96B4807428607F6000A18C1B /* EmojiArt */ = {
			isa = PBXNativeTarget;
			buildConfigurationList = 96B4809928607F6200A18C1B /* Build configuration list for PBXNativeTarget "EmojiArt" */;
			buildPhases = (
				96B4807128607F6000A18C1B /* Sources */,
				96B4807228607F6000A18C1B /* Frameworks */,
				96B4807328607F6000A18C1B /* Resources */,
			);
			buildRules = (
			);
			dependencies = (
			);
			name = EmojiArt;
			productName = EmojiArt;
			productReference = 96B4807528607F6000A18C1B /* EmojiArt.app */;
			productType = "com.apple.product-type.application";
		};
		96B4808428607F6200A18C1B /* EmojiArtTests */ = {
			isa = PBXNativeTarget;
			buildConfigurationList = 96B4809C28607F6200A18C1B /* Build configuration list for PBXNativeTarget "EmojiArtTests" */;
			buildPhases = (
				96B4808128607F6200A18C1B /* Sources */,
				96B4808228607F6200A18C1B /* Frameworks */,
				96B4808328607F6200A18C1B /* Resources */,
			);
			buildRules = (
			);
			dependencies = (
				96B4808728607F6200A18C1B /* PBXTargetDependency */,
			);
			name = EmojiArtTests;
			productName = EmojiArtTests;
			productReference = 96B4808528607F6200A18C1B /* EmojiArtTests.xctest */;
			productType = "com.apple.product-type.bundle.unit-test";
		};
		96B4808E28607F6200A18C1B /* EmojiArtUITests */ = {
			isa = PBXNativeTarget;
			buildConfigurationList = 96B4809F28607F6200A18C1B /* Build configuration list for PBXNativeTarget "EmojiArtUITests" */;
			buildPhases = (
				96B4808B28607F6200A18C1B /* Sources */,
				96B4808C28607F6200A18C1B /* Frameworks */,
				96B4808D28607F6200A18C1B /* Resources */,
			);
			buildRules = (
			);
			dependencies = (
				96B4809128607F6200A18C1B /* PBXTargetDependency */,
			);
			name = EmojiArtUITests;
			productName = EmojiArtUITests;
			productReference = 96B4808F28607F6200A18C1B /* EmojiArtUITests.xctest */;
			productType = "com.apple.product-type.bundle.ui-testing";
		};
/* End PBXNativeTarget section */

/* Begin PBXProject section */
		96B4806D28607F6000A18C1B /* Project object */ = {
			isa = PBXProject;
			attributes = {
				BuildIndependentTargetsInParallel = 1;
				LastSwiftUpdateCheck = 1320;
				LastUpgradeCheck = 1320;
				TargetAttributes = {
					96B4807428607F6000A18C1B = {
						CreatedOnToolsVersion = 13.2.1;
					};
					96B4808428607F6200A18C1B = {
						CreatedOnToolsVersion = 13.2.1;
						TestTargetID = 96B4807428607F6000A18C1B;
					};
					96B4808E28607F6200A18C1B = {
						CreatedOnToolsVersion = 13.2.1;
						TestTargetID = 96B4807428607F6000A18C1B;
					};
				};
			};
			buildConfigurationList = 96B4807028607F6000A18C1B /* Build configuration list for PBXProject "EmojiArt" */;
			compatibilityVersion = "Xcode 13.0";
			developmentRegion = en;
			hasScannedForEncodings = 0;
			knownRegions = (
				en,
				Base,
			);
			mainGroup = 96B4806C28607F6000A18C1B;
			productRefGroup = 96B4807628607F6000A18C1B /* Products */;
			projectDirPath = "";
			projectRoot = "";
			targets = (
				96B4807428607F6000A18C1B /* EmojiArt */,
				96B4808428607F6200A18C1B /* EmojiArtTests */,
				96B4808E28607F6200A18C1B /* EmojiArtUITests */,
			);
		};
/* End PBXProject section */

/* Begin PBXResourcesBuildPhase section */
		96B4807328607F6000A18C1B /* Resources */ = {
			isa = PBXResourcesBuildPhase;
			buildActionMask = 2147483647;
			files = (
				96B4808028607F6200A18C1B /* Preview Assets.xcassets in Resources */,
				96B4807D28607F6200A18C1B /* Assets.xcassets in Resources */,
			);
			runOnlyForDeploymentPostprocessing = 0;
		};
		96B4808328607F6200A18C1B /* Resources */ = {
			isa = PBXResourcesBuildPhase;
			buildActionMask = 2147483647;
			files = (
			);
			runOnlyForDeploymentPostprocessing = 0;
		};
		96B4808D28607F6200A18C1B /* Resources */ = {
			isa = PBXResourcesBuildPhase;
			buildActionMask = 2147483647;
			files = (
			);
			runOnlyForDeploymentPostprocessing = 0;
		};
/* End PBXResourcesBuildPhase section */

/* Begin PBXSourcesBuildPhase section */
		96B4807128607F6000A18C1B /* Sources */ = {
			isa = PBXSourcesBuildPhase;
			buildActionMask = 2147483647;
			files = (
				96B4807B28607F6000A18C1B /* ContentView.swift in Sources */,
				96B480A62860879D00A18C1B /* EmojiArtModel.Background.swift in Sources */,
				96B480A7286087AD00A18C1B /* EmojiArtModel.swift in Sources */,
				96B4807928607F6000A18C1B /* EmojiArtApp.swift in Sources */,
			);
			runOnlyForDeploymentPostprocessing = 0;
		};
		96B4808128607F6200A18C1B /* Sources */ = {
			isa = PBXSourcesBuildPhase;
			buildActionMask = 2147483647;
			files = (
				96B4808A28607F6200A18C1B /* EmojiArtTests.swift in Sources */,
			);
			runOnlyForDeploymentPostprocessing = 0;
		};
		96B4808B28607F6200A18C1B /* Sources */ = {
			isa = PBXSourcesBuildPhase;
			buildActionMask = 2147483647;
			files = (
				96B4809628607F6200A18C1B /* EmojiArtUITestsLaunchTests.swift in Sources */,
				96B4809428607F6200A18C1B /* EmojiArtUITests.swift in Sources */,
			);
			runOnlyForDeploymentPostprocessing = 0;
		};
/* End PBXSourcesBuildPhase section */

/* Begin PBXTargetDependency section */
		96B4808728607F6200A18C1B /* PBXTargetDependency */ = {
			isa = PBXTargetDependency;
			target = 96B4807428607F6000A18C1B /* EmojiArt */;
			targetProxy = 96B4808628607F6200A18C1B /* PBXContainerItemProxy */;
		};
		96B4809128607F6200A18C1B /* PBXTargetDependency */ = {
			isa = PBXTargetDependency;
			target = 96B4807428607F6000A18C1B /* EmojiArt */;
			targetProxy = 96B4809028607F6200A18C1B /* PBXContainerItemProxy */;
		};
/* End PBXTargetDependency section */

/* Begin XCBuildConfiguration section */
		96B4809728607F6200A18C1B /* Debug */ = {
			isa = XCBuildConfiguration;
			buildSettings = {
				ALWAYS_SEARCH_USER_PATHS = NO;
				CLANG_ANALYZER_NONNULL = YES;
				CLANG_ANALYZER_NUMBER_OBJECT_CONVERSION = YES_AGGRESSIVE;
				CLANG_CXX_LANGUAGE_STANDARD = "gnu++17";
				CLANG_CXX_LIBRARY = "libc++";
				CLANG_ENABLE_MODULES = YES;
				CLANG_ENABLE_OBJC_ARC = YES;
				CLANG_ENABLE_OBJC_WEAK = YES;
				CLANG_WARN_BLOCK_CAPTURE_AUTORELEASING = YES;
				CLANG_WARN_BOOL_CONVERSION = YES;
				CLANG_WARN_COMMA = YES;
				CLANG_WARN_CONSTANT_CONVERSION = YES;
				CLANG_WARN_DEPRECATED_OBJC_IMPLEMENTATIONS = YES;
				CLANG_WARN_DIRECT_OBJC_ISA_USAGE = YES_ERROR;
				CLANG_WARN_DOCUMENTATION_COMMENTS = YES;
				CLANG_WARN_EMPTY_BODY = YES;
				CLANG_WARN_ENUM_CONVERSION = YES;
				CLANG_WARN_INFINITE_RECURSION = YES;
				CLANG_WARN_INT_CONVERSION = YES;
				CLANG_WARN_NON_LITERAL_NULL_CONVERSION = YES;
				CLANG_WARN_OBJC_IMPLICIT_RETAIN_SELF = YES;
				CLANG_WARN_OBJC_LITERAL_CONVERSION = YES;
				CLANG_WARN_OBJC_ROOT_CLASS = YES_ERROR;
				CLANG_WARN_QUOTED_INCLUDE_IN_FRAMEWORK_HEADER = YES;
				CLANG_WARN_RANGE_LOOP_ANALYSIS = YES;
				CLANG_WARN_STRICT_PROTOTYPES = YES;
				CLANG_WARN_SUSPICIOUS_MOVE = YES;
				CLANG_WARN_UNGUARDED_AVAILABILITY = YES_AGGRESSIVE;
				CLANG_WARN_UNREACHABLE_CODE = YES;
				CLANG_WARN__DUPLICATE_METHOD_MATCH = YES;
				COPY_PHASE_STRIP = NO;
				DEBUG_INFORMATION_FORMAT = dwarf;
				ENABLE_STRICT_OBJC_MSGSEND = YES;
				ENABLE_TESTABILITY = YES;
				GCC_C_LANGUAGE_STANDARD = gnu11;
				GCC_DYNAMIC_NO_PIC = NO;
				GCC_NO_COMMON_BLOCKS = YES;
				GCC_OPTIMIZATION_LEVEL = 0;
				GCC_PREPROCESSOR_DEFINITIONS = (
					"DEBUG=1",
					"$(inherited)",
				);
				GCC_WARN_64_TO_32_BIT_CONVERSION = YES;
				GCC_WARN_ABOUT_RETURN_TYPE = YES_ERROR;
				GCC_WARN_UNDECLARED_SELECTOR = YES;
				GCC_WARN_UNINITIALIZED_AUTOS = YES_AGGRESSIVE;
				GCC_WARN_UNUSED_FUNCTION = YES;
				GCC_WARN_UNUSED_VARIABLE = YES;
				IPHONEOS_DEPLOYMENT_TARGET = 15.2;
				MTL_ENABLE_DEBUG_INFO = INCLUDE_SOURCE;
				MTL_FAST_MATH = YES;
				ONLY_ACTIVE_ARCH = YES;
				SDKROOT = iphoneos;
				SWIFT_ACTIVE_COMPILATION_CONDITIONS = DEBUG;
				SWIFT_OPTIMIZATION_LEVEL = "-Onone";
			};
			name = Debug;
		};
		96B4809828607F6200A18C1B /* Release */ = {
			isa = XCBuildConfiguration;
			buildSettings = {
				ALWAYS_SEARCH_USER_PATHS = NO;
				CLANG_ANALYZER_NONNULL = YES;
				CLANG_ANALYZER_NUMBER_OBJECT_CONVERSION = YES_AGGRESSIVE;
				CLANG_CXX_LANGUAGE_STANDARD = "gnu++17";
				CLANG_CXX_LIBRARY = "libc++";
				CLANG_ENABLE_MODULES = YES;
				CLANG_ENABLE_OBJC_ARC = YES;
				CLANG_ENABLE_OBJC_WEAK = YES;
				CLANG_WARN_BLOCK_CAPTURE_AUTORELEASING = YES;
				CLANG_WARN_BOOL_CONVERSION = YES;
				CLANG_WARN_COMMA = YES;
				CLANG_WARN_CONSTANT_CONVERSION = YES;
				CLANG_WARN_DEPRECATED_OBJC_IMPLEMENTATIONS = YES;
				CLANG_WARN_DIRECT_OBJC_ISA_USAGE = YES_ERROR;
				CLANG_WARN_DOCUMENTATION_COMMENTS = YES;
				CLANG_WARN_EMPTY_BODY = YES;
				CLANG_WARN_ENUM_CONVERSION = YES;
				CLANG_WARN_INFINITE_RECURSION = YES;
				CLANG_WARN_INT_CONVERSION = YES;
				CLANG_WARN_NON_LITERAL_NULL_CONVERSION = YES;
				CLANG_WARN_OBJC_IMPLICIT_RETAIN_SELF = YES;
				CLANG_WARN_OBJC_LITERAL_CONVERSION = YES;
				CLANG_WARN_OBJC_ROOT_CLASS = YES_ERROR;
				CLANG_WARN_QUOTED_INCLUDE_IN_FRAMEWORK_HEADER = YES;
				CLANG_WARN_RANGE_LOOP_ANALYSIS = YES;
				CLANG_WARN_STRICT_PROTOTYPES = YES;
				CLANG_WARN_SUSPICIOUS_MOVE = YES;
				CLANG_WARN_UNGUARDED_AVAILABILITY = YES_AGGRESSIVE;
				CLANG_WARN_UNREACHABLE_CODE = YES;
				CLANG_WARN__DUPLICATE_METHOD_MATCH = YES;
				COPY_PHASE_STRIP = NO;
				DEBUG_INFORMATION_FORMAT = "dwarf-with-dsym";
				ENABLE_NS_ASSERTIONS = NO;
				ENABLE_STRICT_OBJC_MSGSEND = YES;
				GCC_C_LANGUAGE_STANDARD = gnu11;
				GCC_NO_COMMON_BLOCKS = YES;
				GCC_WARN_64_TO_32_BIT_CONVERSION = YES;
				GCC_WARN_ABOUT_RETURN_TYPE = YES_ERROR;
				GCC_WARN_UNDECLARED_SELECTOR = YES;
				GCC_WARN_UNINITIALIZED_AUTOS = YES_AGGRESSIVE;
				GCC_WARN_UNUSED_FUNCTION = YES;
				GCC_WARN_UNUSED_VARIABLE = YES;
				IPHONEOS_DEPLOYMENT_TARGET = 15.2;
				MTL_ENABLE_DEBUG_INFO = NO;
				MTL_FAST_MATH = YES;
				SDKROOT = iphoneos;
				SWIFT_COMPILATION_MODE = wholemodule;
				SWIFT_OPTIMIZATION_LEVEL = "-O";
				VALIDATE_PRODUCT = YES;
			};
			name = Release;
		};
		96B4809A28607F6200A18C1B /* Debug */ = {
			isa = XCBuildConfiguration;
			buildSettings = {
				ASSETCATALOG_COMPILER_APPICON_NAME = AppIcon;
				ASSETCATALOG_COMPILER_GLOBAL_ACCENT_COLOR_NAME = AccentColor;
				CODE_SIGN_STYLE = Automatic;
				CURRENT_PROJECT_VERSION = 1;
				DEVELOPMENT_ASSET_PATHS = "\"EmojiArt/Preview Content\"";
				DEVELOPMENT_TEAM = 5HJHJXHBD5;
				ENABLE_PREVIEWS = YES;
				GENERATE_INFOPLIST_FILE = YES;
				INFOPLIST_KEY_UIApplicationSceneManifest_Generation = YES;
				INFOPLIST_KEY_UIApplicationSupportsIndirectInputEvents = YES;
				INFOPLIST_KEY_UILaunchScreen_Generation = YES;
				INFOPLIST_KEY_UISupportedInterfaceOrientations_iPad = "UIInterfaceOrientationPortrait UIInterfaceOrientationPortraitUpsideDown UIInterfaceOrientationLandscapeLeft UIInterfaceOrientationLandscapeRight";
				INFOPLIST_KEY_UISupportedInterfaceOrientations_iPhone = "UIInterfaceOrientationPortrait UIInterfaceOrientationLandscapeLeft UIInterfaceOrientationLandscapeRight";
				LD_RUNPATH_SEARCH_PATHS = (
					"$(inherited)",
					"@executable_path/Frameworks",
				);
				MARKETING_VERSION = 1.0;
				PRODUCT_BUNDLE_IDENTIFIER = com.koifmanDavid123.EmojiArt;
				PRODUCT_NAME = "$(TARGET_NAME)";
				SWIFT_EMIT_LOC_STRINGS = YES;
				SWIFT_VERSION = 5.0;
				TARGETED_DEVICE_FAMILY = "1,2";
			};
			name = Debug;
		};
		96B4809B28607F6200A18C1B /* Release */ = {
			isa = XCBuildConfiguration;
			buildSettings = {
				ASSETCATALOG_COMPILER_APPICON_NAME = AppIcon;
				ASSETCATALOG_COMPILER_GLOBAL_ACCENT_COLOR_NAME = AccentColor;
				CODE_SIGN_STYLE = Automatic;
				CURRENT_PROJECT_VERSION = 1;
				DEVELOPMENT_ASSET_PATHS = "\"EmojiArt/Preview Content\"";
				DEVELOPMENT_TEAM = 5HJHJXHBD5;
				ENABLE_PREVIEWS = YES;
				GENERATE_INFOPLIST_FILE = YES;
				INFOPLIST_KEY_UIApplicationSceneManifest_Generation = YES;
				INFOPLIST_KEY_UIApplicationSupportsIndirectInputEvents = YES;
				INFOPLIST_KEY_UILaunchScreen_Generation = YES;
				INFOPLIST_KEY_UISupportedInterfaceOrientations_iPad = "UIInterfaceOrientationPortrait UIInterfaceOrientationPortraitUpsideDown UIInterfaceOrientationLandscapeLeft UIInterfaceOrientationLandscapeRight";
				INFOPLIST_KEY_UISupportedInterfaceOrientations_iPhone = "UIInterfaceOrientationPortrait UIInterfaceOrientationLandscapeLeft UIInterfaceOrientationLandscapeRight";
				LD_RUNPATH_SEARCH_PATHS = (
					"$(inherited)",
					"@executable_path/Frameworks",
				);
				MARKETING_VERSION = 1.0;
				PRODUCT_BUNDLE_IDENTIFIER = com.koifmanDavid123.EmojiArt;
				PRODUCT_NAME = "$(TARGET_NAME)";
				SWIFT_EMIT_LOC_STRINGS = YES;
				SWIFT_VERSION = 5.0;
				TARGETED_DEVICE_FAMILY = "1,2";
			};
			name = Release;
		};
		96B4809D28607F6200A18C1B /* Debug */ = {
			isa = XCBuildConfiguration;
			buildSettings = {
				ALWAYS_EMBED_SWIFT_STANDARD_LIBRARIES = YES;
				BUNDLE_LOADER = "$(TEST_HOST)";
				CODE_SIGN_STYLE = Automatic;
				CURRENT_PROJECT_VERSION = 1;
				DEVELOPMENT_TEAM = 5HJHJXHBD5;
				GENERATE_INFOPLIST_FILE = YES;
				IPHONEOS_DEPLOYMENT_TARGET = 15.2;
				MARKETING_VERSION = 1.0;
				PRODUCT_BUNDLE_IDENTIFIER = com.koifmanDavid123.EmojiArtTests;
				PRODUCT_NAME = "$(TARGET_NAME)";
				SWIFT_EMIT_LOC_STRINGS = NO;
				SWIFT_VERSION = 5.0;
				TARGETED_DEVICE_FAMILY = "1,2";
				TEST_HOST = "$(BUILT_PRODUCTS_DIR)/EmojiArt.app/EmojiArt";
			};
			name = Debug;
		};
		96B4809E28607F6200A18C1B /* Release */ = {
			isa = XCBuildConfiguration;
			buildSettings = {
				ALWAYS_EMBED_SWIFT_STANDARD_LIBRARIES = YES;
				BUNDLE_LOADER = "$(TEST_HOST)";
				CODE_SIGN_STYLE = Automatic;
				CURRENT_PROJECT_VERSION = 1;
				DEVELOPMENT_TEAM = 5HJHJXHBD5;
				GENERATE_INFOPLIST_FILE = YES;
				IPHONEOS_DEPLOYMENT_TARGET = 15.2;
				MARKETING_VERSION = 1.0;
				PRODUCT_BUNDLE_IDENTIFIER = com.koifmanDavid123.EmojiArtTests;
				PRODUCT_NAME = "$(TARGET_NAME)";
				SWIFT_EMIT_LOC_STRINGS = NO;
				SWIFT_VERSION = 5.0;
				TARGETED_DEVICE_FAMILY = "1,2";
				TEST_HOST = "$(BUILT_PRODUCTS_DIR)/EmojiArt.app/EmojiArt";
			};
			name = Release;
		};
		96B480A028607F6200A18C1B /* Debug */ = {
			isa = XCBuildConfiguration;
			buildSettings = {
				ALWAYS_EMBED_SWIFT_STANDARD_LIBRARIES = YES;
				CODE_SIGN_STYLE = Automatic;
				CURRENT_PROJECT_VERSION = 1;
				DEVELOPMENT_TEAM = 5HJHJXHBD5;
				GENERATE_INFOPLIST_FILE = YES;
				MARKETING_VERSION = 1.0;
				PRODUCT_BUNDLE_IDENTIFIER = com.koifmanDavid123.EmojiArtUITests;
				PRODUCT_NAME = "$(TARGET_NAME)";
				SWIFT_EMIT_LOC_STRINGS = NO;
				SWIFT_VERSION = 5.0;
				TARGETED_DEVICE_FAMILY = "1,2";
				TEST_TARGET_NAME = EmojiArt;
			};
			name = Debug;
		};
		96B480A128607F6200A18C1B /* Release */ = {
			isa = XCBuildConfiguration;
			buildSettings = {
				ALWAYS_EMBED_SWIFT_STANDARD_LIBRARIES = YES;
				CODE_SIGN_STYLE = Automatic;
				CURRENT_PROJECT_VERSION = 1;
				DEVELOPMENT_TEAM = 5HJHJXHBD5;
				GENERATE_INFOPLIST_FILE = YES;
				MARKETING_VERSION = 1.0;
				PRODUCT_BUNDLE_IDENTIFIER = com.koifmanDavid123.EmojiArtUITests;
				PRODUCT_NAME = "$(TARGET_NAME)";
				SWIFT_EMIT_LOC_STRINGS = NO;
				SWIFT_VERSION = 5.0;
				TARGETED_DEVICE_FAMILY = "1,2";
				TEST_TARGET_NAME = EmojiArt;
			};
			name = Release;
		};
/* End XCBuildConfiguration section */

/* Begin XCConfigurationList section */
		96B4807028607F6000A18C1B /* Build configuration list for PBXProject "EmojiArt" */ = {
			isa = XCConfigurationList;
			buildConfigurations = (
				96B4809728607F6200A18C1B /* Debug */,
				96B4809828607F6200A18C1B /* Release */,
			);
			defaultConfigurationIsVisible = 0;
			defaultConfigurationName = Release;
		};
		96B4809928607F6200A18C1B /* Build configuration list for PBXNativeTarget "EmojiArt" */ = {
			isa = XCConfigurationList;
			buildConfigurations = (
				96B4809A28607F6200A18C1B /* Debug */,
				96B4809B28607F6200A18C1B /* Release */,
			);
			defaultConfigurationIsVisible = 0;
			defaultConfigurationName = Release;
		};
		96B4809C28607F6200A18C1B /* Build configuration list for PBXNativeTarget "EmojiArtTests" */ = {
			isa = XCConfigurationList;
			buildConfigurations = (
				96B4809D28607F6200A18C1B /* Debug */,
				96B4809E28607F6200A18C1B /* Release */,
			);
			defaultConfigurationIsVisible = 0;
			defaultConfigurationName = Release;
		};
		96B4809F28607F6200A18C1B /* Build configuration list for PBXNativeTarget "EmojiArtUITests" */ = {
			isa = XCConfigurationList;
			buildConfigurations = (
				96B480A028607F6200A18C1B /* Debug */,
				96B480A128607F6200A18C1B /* Release */,
			);
			defaultConfigurationIsVisible = 0;
			defaultConfigurationName = Release;
		};
/* End XCConfigurationList section */
	};
	rootObject = 96B4806D28607F6000A18C1B /* Project object */;
}
